
Microsoft Visual Studio Solution File, Format Version 12.00
Project("{FAE04EC0-301F-11D3-BF4B-00C04F79EFBC}") = "mission11", "mission11\mission11.csproj", "{F4B2B519-D0CA-4BB4-BCF6-A9D9DE84B9D4}"
EndProject
Global
	GlobalSection(SolutionConfigurationPlatforms) = preSolution
		Debug|Any CPU = Debug|Any CPU
		Release|Any CPU = Release|Any CPU
	EndGlobalSection
	GlobalSection(ProjectConfigurationPlatforms) = postSolution
		{F4B2B519-D0CA-4BB4-BCF6-A9D9DE84B9D4}.Debug|Any CPU.ActiveCfg = Debug|Any CPU
		{F4B2B519-D0CA-4BB4-BCF6-A9D9DE84B9D4}.Debug|Any CPU.Build.0 = Debug|Any CPU
		{F4B2B519-D0CA-4BB4-BCF6-A9D9DE84B9D4}.Release|Any CPU.ActiveCfg = Release|Any CPU
		{F4B2B519-D0CA-4BB4-BCF6-A9D9DE84B9D4}.Release|Any CPU.Build.0 = Release|Any CPU
	EndGlobalSection
EndGlobal
